
Microsoft Visual Studio Solution File, Format Version 12.00
# Visual Studio 15
VisualStudioVersion = 15.0.28010.2016
MinimumVisualStudioVersion = 10.0.40219.1
Project("{FAE04EC0-301F-11D3-BF4B-00C04F79EFBC}") = "Projet_echauffement", "Projet_echauffement\Projet_echauffement.csproj", "{31A25AC7-6235-41F7-A8CD-00313E294C03}"
EndProject
Global
	GlobalSection(SolutionConfigurationPlatforms) = preSolution
		Debug|Any CPU = Debug|Any CPU
		Release|Any CPU = Release|Any CPU
	EndGlobalSection
	GlobalSection(ProjectConfigurationPlatforms) = postSolution
		{31A25AC7-6235-41F7-A8CD-00313E294C03}.Debug|Any CPU.ActiveCfg = Debug|Any CPU
		{31A25AC7-6235-41F7-A8CD-00313E294C03}.Debug|Any CPU.Build.0 = Debug|Any CPU
		{31A25AC7-6235-41F7-A8CD-00313E294C03}.Release|Any CPU.ActiveCfg = Release|Any CPU
		{31A25AC7-6235-41F7-A8CD-00313E294C03}.Release|Any CPU.Build.0 = Release|Any CPU
	EndGlobalSection
	GlobalSection(SolutionProperties) = preSolution
		HideSolutionNode = FALSE
	EndGlobalSection
	GlobalSection(ExtensibilityGlobals) = postSolution
		SolutionGuid = {9F754257-B88E-44AF-AC2E-60A72A7CE31D}
	EndGlobalSection
EndGlobal
